
Microsoft Visual Studio Solution File, Format Version 12.00
# Visual Studio Version 17
VisualStudioVersion = 17.3.32811.315
MinimumVisualStudioVersion = 10.0.40219.1
Project("{FAE04EC0-301F-11D3-BF4B-00C04F79EFBC}") = "Properties_2", "Properties_2\Properties_2.csproj", "{72DF03CC-8DA4-46D7-AEB6-2BB76301F859}"
EndProject
Global
	GlobalSection(SolutionConfigurationPlatforms) = preSolution
		Debug|Any CPU = Debug|Any CPU
		Release|Any CPU = Release|Any CPU
	EndGlobalSection
	GlobalSection(ProjectConfigurationPlatforms) = postSolution
		{72DF03CC-8DA4-46D7-AEB6-2BB76301F859}.Debug|Any CPU.ActiveCfg = Debug|Any CPU
		{72DF03CC-8DA4-46D7-AEB6-2BB76301F859}.Debug|Any CPU.Build.0 = Debug|Any CPU
		{72DF03CC-8DA4-46D7-AEB6-2BB76301F859}.Release|Any CPU.ActiveCfg = Release|Any CPU
		{72DF03CC-8DA4-46D7-AEB6-2BB76301F859}.Release|Any CPU.Build.0 = Release|Any CPU
	EndGlobalSection
	GlobalSection(SolutionProperties) = preSolution
		HideSolutionNode = FALSE
	EndGlobalSection
	GlobalSection(ExtensibilityGlobals) = postSolution
		SolutionGuid = {52F9B831-5BA1-402F-8BA6-3BF667483B07}
	EndGlobalSection
EndGlobal
