
Microsoft Visual Studio Solution File, Format Version 12.00
# Visual Studio Version 17
VisualStudioVersion = 17.3.32811.315
MinimumVisualStudioVersion = 10.0.40219.1
Project("{FAE04EC0-301F-11D3-BF4B-00C04F79EFBC}") = "Abstract_Class", "Abstract_Class\Abstract_Class.csproj", "{BF670D04-61D8-462B-919E-1767B96D4995}"
EndProject
Global
	GlobalSection(SolutionConfigurationPlatforms) = preSolution
		Debug|Any CPU = Debug|Any CPU
		Release|Any CPU = Release|Any CPU
	EndGlobalSection
	GlobalSection(ProjectConfigurationPlatforms) = postSolution
		{BF670D04-61D8-462B-919E-1767B96D4995}.Debug|Any CPU.ActiveCfg = Debug|Any CPU
		{BF670D04-61D8-462B-919E-1767B96D4995}.Debug|Any CPU.Build.0 = Debug|Any CPU
		{BF670D04-61D8-462B-919E-1767B96D4995}.Release|Any CPU.ActiveCfg = Release|Any CPU
		{BF670D04-61D8-462B-919E-1767B96D4995}.Release|Any CPU.Build.0 = Release|Any CPU
	EndGlobalSection
	GlobalSection(SolutionProperties) = preSolution
		HideSolutionNode = FALSE
	EndGlobalSection
	GlobalSection(ExtensibilityGlobals) = postSolution
		SolutionGuid = {3E7AA9D3-5BC1-4ED6-825B-FE11CC27E823}
	EndGlobalSection
EndGlobal
