
Microsoft Visual Studio Solution File, Format Version 11.00
# Visual Studio 2010
Project("{FAE04EC0-301F-11D3-BF4B-00C04F79EFBC}") = "Heirarchical_Inheritance", "Heirarchical_Inheritance\Heirarchical_Inheritance.csproj", "{6CABBFA4-58F8-4D30-B9A8-5B195C6CA8B6}"
EndProject
Global
	GlobalSection(SolutionConfigurationPlatforms) = preSolution
		Debug|x86 = Debug|x86
		Release|x86 = Release|x86
	EndGlobalSection
	GlobalSection(ProjectConfigurationPlatforms) = postSolution
		{6CABBFA4-58F8-4D30-B9A8-5B195C6CA8B6}.Debug|x86.ActiveCfg = Debug|x86
		{6CABBFA4-58F8-4D30-B9A8-5B195C6CA8B6}.Debug|x86.Build.0 = Debug|x86
		{6CABBFA4-58F8-4D30-B9A8-5B195C6CA8B6}.Release|x86.ActiveCfg = Release|x86
		{6CABBFA4-58F8-4D30-B9A8-5B195C6CA8B6}.Release|x86.Build.0 = Release|x86
	EndGlobalSection
	GlobalSection(SolutionProperties) = preSolution
		HideSolutionNode = FALSE
	EndGlobalSection
EndGlobal
