
Microsoft Visual Studio Solution File, Format Version 12.00
# Visual Studio Version 17
VisualStudioVersion = 17.3.32811.315
MinimumVisualStudioVersion = 10.0.40219.1
Project("{FAE04EC0-301F-11D3-BF4B-00C04F79EFBC}") = "Static_Method", "Static_Method\Static_Method.csproj", "{2397C1BA-52CA-41AC-A818-10BFBB4809AB}"
EndProject
Global
	GlobalSection(SolutionConfigurationPlatforms) = preSolution
		Debug|Any CPU = Debug|Any CPU
		Release|Any CPU = Release|Any CPU
	EndGlobalSection
	GlobalSection(ProjectConfigurationPlatforms) = postSolution
		{2397C1BA-52CA-41AC-A818-10BFBB4809AB}.Debug|Any CPU.ActiveCfg = Debug|Any CPU
		{2397C1BA-52CA-41AC-A818-10BFBB4809AB}.Debug|Any CPU.Build.0 = Debug|Any CPU
		{2397C1BA-52CA-41AC-A818-10BFBB4809AB}.Release|Any CPU.ActiveCfg = Release|Any CPU
		{2397C1BA-52CA-41AC-A818-10BFBB4809AB}.Release|Any CPU.Build.0 = Release|Any CPU
	EndGlobalSection
	GlobalSection(SolutionProperties) = preSolution
		HideSolutionNode = FALSE
	EndGlobalSection
	GlobalSection(ExtensibilityGlobals) = postSolution
		SolutionGuid = {F8F26E34-B740-4692-912D-DF30C1DFBF0C}
	EndGlobalSection
EndGlobal
