
Microsoft Visual Studio Solution File, Format Version 12.00
# Visual Studio Version 17
VisualStudioVersion = 17.3.32811.315
MinimumVisualStudioVersion = 10.0.40219.1
Project("{FAE04EC0-301F-11D3-BF4B-00C04F79EFBC}") = "Interfaces", "Interfaces\Interfaces.csproj", "{2804BE62-4A58-4DDC-963F-3AF04E2B1582}"
EndProject
Global
	GlobalSection(SolutionConfigurationPlatforms) = preSolution
		Debug|Any CPU = Debug|Any CPU
		Release|Any CPU = Release|Any CPU
	EndGlobalSection
	GlobalSection(ProjectConfigurationPlatforms) = postSolution
		{2804BE62-4A58-4DDC-963F-3AF04E2B1582}.Debug|Any CPU.ActiveCfg = Debug|Any CPU
		{2804BE62-4A58-4DDC-963F-3AF04E2B1582}.Debug|Any CPU.Build.0 = Debug|Any CPU
		{2804BE62-4A58-4DDC-963F-3AF04E2B1582}.Release|Any CPU.ActiveCfg = Release|Any CPU
		{2804BE62-4A58-4DDC-963F-3AF04E2B1582}.Release|Any CPU.Build.0 = Release|Any CPU
	EndGlobalSection
	GlobalSection(SolutionProperties) = preSolution
		HideSolutionNode = FALSE
	EndGlobalSection
	GlobalSection(ExtensibilityGlobals) = postSolution
		SolutionGuid = {A5E0850C-12D5-45DF-B423-E295E4D5B485}
	EndGlobalSection
EndGlobal
